
Microsoft Visual Studio Solution File, Format Version 12.00
# Visual Studio Version 17
VisualStudioVersion = 17.8.34309.116
MinimumVisualStudioVersion = 10.0.40219.1
Project("{FAE04EC0-301F-11D3-BF4B-00C04F79EFBC}") = "vp_client", "vp_client\vp_client.csproj", "{229048D6-145A-466D-B06C-4AAAED236448}"
EndProject
Global
	GlobalSection(SolutionConfigurationPlatforms) = preSolution
		Debug|Any CPU = Debug|Any CPU
		Release|Any CPU = Release|Any CPU
	EndGlobalSection
	GlobalSection(ProjectConfigurationPlatforms) = postSolution
		{229048D6-145A-466D-B06C-4AAAED236448}.Debug|Any CPU.ActiveCfg = Debug|Any CPU
		{229048D6-145A-466D-B06C-4AAAED236448}.Debug|Any CPU.Build.0 = Debug|Any CPU
		{229048D6-145A-466D-B06C-4AAAED236448}.Debug|Any CPU.Deploy.0 = Debug|Any CPU
		{229048D6-145A-466D-B06C-4AAAED236448}.Release|Any CPU.ActiveCfg = Release|Any CPU
		{229048D6-145A-466D-B06C-4AAAED236448}.Release|Any CPU.Build.0 = Release|Any CPU
		{229048D6-145A-466D-B06C-4AAAED236448}.Release|Any CPU.Deploy.0 = Release|Any CPU
	EndGlobalSection
	GlobalSection(SolutionProperties) = preSolution
		HideSolutionNode = FALSE
	EndGlobalSection
	GlobalSection(ExtensibilityGlobals) = postSolution
		SolutionGuid = {8B799E99-DF9A-4F98-B57E-0134F577C780}
	EndGlobalSection
EndGlobal
